// !$*UTF8*$!
{
	archiveVersion = 1;
	classes = {
	};
	objectVersion = 56;
	objects = {

/* Begin PBXBuildFile section */
		DB4EB6AF2C2F0AB300230E6F /* FirebaseAuth in Frameworks */ = {isa = PBXBuildFile; productRef = DB4EB6AE2C2F0AB300230E6F /* FirebaseAuth */; };
		DB4EB6B12C2F0AFD00230E6F /* FirebaseAnalytics in Frameworks */ = {isa = PBXBuildFile; productRef = DB4EB6B02C2F0AFD00230E6F /* FirebaseAnalytics */; };
		DB4EB6B32C2FA4AD00230E6F /* Profile.swift in Sources */ = {isa = PBXBuildFile; fileRef = DB4EB6B22C2FA4AD00230E6F /* Profile.swift */; };
		DB4EB6B52C2FA4C200230E6F /* Analysis.swift in Sources */ = {isa = PBXBuildFile; fileRef = DB4EB6B42C2FA4C200230E6F /* Analysis.swift */; };
		DB4EB6B72C2FA4CB00230E6F /* Generator.swift in Sources */ = {isa = PBXBuildFile; fileRef = DB4EB6B62C2FA4CB00230E6F /* Generator.swift */; };
		DB91369F2C2E527500546912 /* LogInView.swift in Sources */ = {isa = PBXBuildFile; fileRef = DB91369E2C2E527500546912 /* LogInView.swift */; };
		DB9136A12C2E527B00546912 /* SignUpView.swift in Sources */ = {isa = PBXBuildFile; fileRef = DB9136A02C2E527B00546912 /* SignUpView.swift */; };
		DB9136A32C2E57E500546912 /* GoogleService-Info.plist in Resources */ = {isa = PBXBuildFile; fileRef = DB9136A22C2E57E400546912 /* GoogleService-Info.plist */; };
		DBBA8E922C2E418500EE0B24 /* PasswordManagerApp.swift in Sources */ = {isa = PBXBuildFile; fileRef = DBBA8E912C2E418500EE0B24 /* PasswordManagerApp.swift */; };
		DBBA8E942C2E418500EE0B24 /* ContentView.swift in Sources */ = {isa = PBXBuildFile; fileRef = DBBA8E932C2E418500EE0B24 /* ContentView.swift */; };
		DBBA8E962C2E418600EE0B24 /* Assets.xcassets in Resources */ = {isa = PBXBuildFile; fileRef = DBBA8E952C2E418600EE0B24 /* Assets.xcassets */; };
		DBBA8E992C2E418600EE0B24 /* Preview Assets.xcassets in Resources */ = {isa = PBXBuildFile; fileRef = DBBA8E982C2E418600EE0B24 /* Preview Assets.xcassets */; };
/* End PBXBuildFile section */

/* Begin PBXFileReference section */
		DB4EB6B22C2FA4AD00230E6F /* Profile.swift */ = {isa = PBXFileReference; lastKnownFileType = sourcecode.swift; path = Profile.swift; sourceTree = "<group>"; };
		DB4EB6B42C2FA4C200230E6F /* Analysis.swift */ = {isa = PBXFileReference; lastKnownFileType = sourcecode.swift; path = Analysis.swift; sourceTree = "<group>"; };
		DB4EB6B62C2FA4CB00230E6F /* Generator.swift */ = {isa = PBXFileReference; lastKnownFileType = sourcecode.swift; path = Generator.swift; sourceTree = "<group>"; };
		DB91369E2C2E527500546912 /* LogInView.swift */ = {isa = PBXFileReference; fileEncoding = 4; lastKnownFileType = sourcecode.swift; path = LogInView.swift; sourceTree = "<group>"; };
		DB9136A02C2E527B00546912 /* SignUpView.swift */ = {isa = PBXFileReference; fileEncoding = 4; lastKnownFileType = sourcecode.swift; path = SignUpView.swift; sourceTree = "<group>"; };
		DB9136A22C2E57E400546912 /* GoogleService-Info.plist */ = {isa = PBXFileReference; fileEncoding = 4; lastKnownFileType = text.plist.xml; path = "GoogleService-Info.plist"; sourceTree = "<group>"; };
		DBBA8E8E2C2E418500EE0B24 /* PasswordManager.app */ = {isa = PBXFileReference; explicitFileType = wrapper.application; includeInIndex = 0; path = PasswordManager.app; sourceTree = BUILT_PRODUCTS_DIR; };
		DBBA8E912C2E418500EE0B24 /* PasswordManagerApp.swift */ = {isa = PBXFileReference; lastKnownFileType = sourcecode.swift; path = PasswordManagerApp.swift; sourceTree = "<group>"; };
		DBBA8E932C2E418500EE0B24 /* ContentView.swift */ = {isa = PBXFileReference; lastKnownFileType = sourcecode.swift; path = ContentView.swift; sourceTree = "<group>"; };
		DBBA8E952C2E418600EE0B24 /* Assets.xcassets */ = {isa = PBXFileReference; lastKnownFileType = folder.assetcatalog; path = Assets.xcassets; sourceTree = "<group>"; };
		DBBA8E982C2E418600EE0B24 /* Preview Assets.xcassets */ = {isa = PBXFileReference; lastKnownFileType = folder.assetcatalog; path = "Preview Assets.xcassets"; sourceTree = "<group>"; };
		DBBA8E9A2C2E418600EE0B24 /* PasswordManager.entitlements */ = {isa = PBXFileReference; lastKnownFileType = text.plist.entitlements; path = PasswordManager.entitlements; sourceTree = "<group>"; };
/* End PBXFileReference section */

/* Begin PBXFrameworksBuildPhase section */
		DBBA8E8B2C2E418500EE0B24 /* Frameworks */ = {
			isa = PBXFrameworksBuildPhase;
			buildActionMask = 2147483647;
			files = (
				DB4EB6B12C2F0AFD00230E6F /* FirebaseAnalytics in Frameworks */,
				DB4EB6AF2C2F0AB300230E6F /* FirebaseAuth in Frameworks */,
			);
			runOnlyForDeploymentPostprocessing = 0;
		};
/* End PBXFrameworksBuildPhase section */

/* Begin PBXGroup section */
		DBBA8E852C2E418500EE0B24 = {
			isa = PBXGroup;
			children = (
				DBBA8E902C2E418500EE0B24 /* PasswordManager */,
				DBBA8E8F2C2E418500EE0B24 /* Products */,
				DBDBE9D42C2F0A8300F17737 /* Frameworks */,
			);
			sourceTree = "<group>";
		};
		DBBA8E8F2C2E418500EE0B24 /* Products */ = {
			isa = PBXGroup;
			children = (
				DBBA8E8E2C2E418500EE0B24 /* PasswordManager.app */,
			);
			name = Products;
			sourceTree = "<group>";
		};
		DBBA8E902C2E418500EE0B24 /* PasswordManager */ = {
			isa = PBXGroup;
			children = (
				DB9136A22C2E57E400546912 /* GoogleService-Info.plist */,
				DBBA8EA02C2E41A700EE0B24 /* View */,
				DBBA8E912C2E418500EE0B24 /* PasswordManagerApp.swift */,
				DBBA8E932C2E418500EE0B24 /* ContentView.swift */,
				DBBA8E952C2E418600EE0B24 /* Assets.xcassets */,
				DBBA8E9A2C2E418600EE0B24 /* PasswordManager.entitlements */,
				DBBA8E972C2E418600EE0B24 /* Preview Content */,
			);
			path = PasswordManager;
			sourceTree = "<group>";
		};
		DBBA8E972C2E418600EE0B24 /* Preview Content */ = {
			isa = PBXGroup;
			children = (
				DBBA8E982C2E418600EE0B24 /* Preview Assets.xcassets */,
			);
			path = "Preview Content";
			sourceTree = "<group>";
		};
		DBBA8EA02C2E41A700EE0B24 /* View */ = {
			isa = PBXGroup;
			children = (
				DB91369E2C2E527500546912 /* LogInView.swift */,
				DB9136A02C2E527B00546912 /* SignUpView.swift */,
				DB4EB6B22C2FA4AD00230E6F /* Profile.swift */,
				DB4EB6B42C2FA4C200230E6F /* Analysis.swift */,
				DB4EB6B62C2FA4CB00230E6F /* Generator.swift */,
			);
			path = View;
			sourceTree = "<group>";
		};
		DBDBE9D42C2F0A8300F17737 /* Frameworks */ = {
			isa = PBXGroup;
			children = (
			);
			name = Frameworks;
			sourceTree = "<group>";
		};
/* End PBXGroup section */

/* Begin PBXNativeTarget section */
		DBBA8E8D2C2E418500EE0B24 /* PasswordManager */ = {
			isa = PBXNativeTarget;
			buildConfigurationList = DBBA8E9D2C2E418600EE0B24 /* Build configuration list for PBXNativeTarget "PasswordManager" */;
			buildPhases = (
				DBBA8E8A2C2E418500EE0B24 /* Sources */,
				DBBA8E8B2C2E418500EE0B24 /* Frameworks */,
				DBBA8E8C2C2E418500EE0B24 /* Resources */,
			);
			buildRules = (
			);
			dependencies = (
			);
			name = PasswordManager;
			packageProductDependencies = (
				DB4EB6AE2C2F0AB300230E6F /* FirebaseAuth */,
				DB4EB6B02C2F0AFD00230E6F /* FirebaseAnalytics */,
			);
			productName = PasswordManager;
			productReference = DBBA8E8E2C2E418500EE0B24 /* PasswordManager.app */;
			productType = "com.apple.product-type.application";
		};
/* End PBXNativeTarget section */

/* Begin PBXProject section */
		DBBA8E862C2E418500EE0B24 /* Project object */ = {
			isa = PBXProject;
			attributes = {
				BuildIndependentTargetsInParallel = 1;
				LastSwiftUpdateCheck = 1540;
				LastUpgradeCheck = 1540;
				TargetAttributes = {
					DBBA8E8D2C2E418500EE0B24 = {
						CreatedOnToolsVersion = 15.4;
					};
				};
			};
			buildConfigurationList = DBBA8E892C2E418500EE0B24 /* Build configuration list for PBXProject "PasswordManager" */;
			compatibilityVersion = "Xcode 14.0";
			developmentRegion = en;
			hasScannedForEncodings = 0;
			knownRegions = (
				en,
				Base,
			);
			mainGroup = DBBA8E852C2E418500EE0B24;
			packageReferences = (
				DBBA8EA52C2E446C00EE0B24 /* XCRemoteSwiftPackageReference "firebase-ios-sdk" */,
			);
			productRefGroup = DBBA8E8F2C2E418500EE0B24 /* Products */;
			projectDirPath = "";
			projectRoot = "";
			targets = (
				DBBA8E8D2C2E418500EE0B24 /* PasswordManager */,
			);
		};
/* End PBXProject section */

/* Begin PBXResourcesBuildPhase section */
		DBBA8E8C2C2E418500EE0B24 /* Resources */ = {
			isa = PBXResourcesBuildPhase;
			buildActionMask = 2147483647;
			files = (
				DBBA8E992C2E418600EE0B24 /* Preview Assets.xcassets in Resources */,
				DBBA8E962C2E418600EE0B24 /* Assets.xcassets in Resources */,
				DB9136A32C2E57E500546912 /* GoogleService-Info.plist in Resources */,
			);
			runOnlyForDeploymentPostprocessing = 0;
		};
/* End PBXResourcesBuildPhase section */

/* Begin PBXSourcesBuildPhase section */
		DBBA8E8A2C2E418500EE0B24 /* Sources */ = {
			isa = PBXSourcesBuildPhase;
			buildActionMask = 2147483647;
			files = (
				DB9136A12C2E527B00546912 /* SignUpView.swift in Sources */,
				DB4EB6B52C2FA4C200230E6F /* Analysis.swift in Sources */,
				DB4EB6B32C2FA4AD00230E6F /* Profile.swift in Sources */,
				DB91369F2C2E527500546912 /* LogInView.swift in Sources */,
				DB4EB6B72C2FA4CB00230E6F /* Generator.swift in Sources */,
				DBBA8E942C2E418500EE0B24 /* ContentView.swift in Sources */,
				DBBA8E922C2E418500EE0B24 /* PasswordManagerApp.swift in Sources */,
			);
			runOnlyForDeploymentPostprocessing = 0;
		};
/* End PBXSourcesBuildPhase section */

/* Begin XCBuildConfiguration section */
		DBBA8E9B2C2E418600EE0B24 /* Debug */ = {
			isa = XCBuildConfiguration;
			buildSettings = {
				ALWAYS_SEARCH_USER_PATHS = NO;
				ASSETCATALOG_COMPILER_GENERATE_SWIFT_ASSET_SYMBOL_EXTENSIONS = YES;
				CLANG_ANALYZER_NONNULL = YES;
				CLANG_ANALYZER_NUMBER_OBJECT_CONVERSION = YES_AGGRESSIVE;
				CLANG_CXX_LANGUAGE_STANDARD = "gnu++20";
				CLANG_ENABLE_MODULES = YES;
				CLANG_ENABLE_OBJC_ARC = YES;
				CLANG_ENABLE_OBJC_WEAK = YES;
				CLANG_WARN_BLOCK_CAPTURE_AUTORELEASING = YES;
				CLANG_WARN_BOOL_CONVERSION = YES;
				CLANG_WARN_COMMA = YES;
				CLANG_WARN_CONSTANT_CONVERSION = YES;
				CLANG_WARN_DEPRECATED_OBJC_IMPLEMENTATIONS = YES;
				CLANG_WARN_DIRECT_OBJC_ISA_USAGE = YES_ERROR;
				CLANG_WARN_DOCUMENTATION_COMMENTS = YES;
				CLANG_WARN_EMPTY_BODY = YES;
				CLANG_WARN_ENUM_CONVERSION = YES;
				CLANG_WARN_INFINITE_RECURSION = YES;
				CLANG_WARN_INT_CONVERSION = YES;
				CLANG_WARN_NON_LITERAL_NULL_CONVERSION = YES;
				CLANG_WARN_OBJC_IMPLICIT_RETAIN_SELF = YES;
				CLANG_WARN_OBJC_LITERAL_CONVERSION = YES;
				CLANG_WARN_OBJC_ROOT_CLASS = YES_ERROR;
				CLANG_WARN_QUOTED_INCLUDE_IN_FRAMEWORK_HEADER = YES;
				CLANG_WARN_RANGE_LOOP_ANALYSIS = YES;
				CLANG_WARN_STRICT_PROTOTYPES = YES;
				CLANG_WARN_SUSPICIOUS_MOVE = YES;
				CLANG_WARN_UNGUARDED_AVAILABILITY = YES_AGGRESSIVE;
				CLANG_WARN_UNREACHABLE_CODE = YES;
				CLANG_WARN__DUPLICATE_METHOD_MATCH = YES;
				COPY_PHASE_STRIP = NO;
				DEBUG_INFORMATION_FORMAT = dwarf;
				ENABLE_STRICT_OBJC_MSGSEND = YES;
				ENABLE_TESTABILITY = YES;
				ENABLE_USER_SCRIPT_SANDBOXING = YES;
				GCC_C_LANGUAGE_STANDARD = gnu17;
				GCC_DYNAMIC_NO_PIC = NO;
				GCC_NO_COMMON_BLOCKS = YES;
				GCC_OPTIMIZATION_LEVEL = 0;
				GCC_PREPROCESSOR_DEFINITIONS = (
					"DEBUG=1",
					"$(inherited)",
				);
				GCC_WARN_64_TO_32_BIT_CONVERSION = YES;
				GCC_WARN_ABOUT_RETURN_TYPE = YES_ERROR;
				GCC_WARN_UNDECLARED_SELECTOR = YES;
				GCC_WARN_UNINITIALIZED_AUTOS = YES_AGGRESSIVE;
				GCC_WARN_UNUSED_FUNCTION = YES;
				GCC_WARN_UNUSED_VARIABLE = YES;
				LOCALIZATION_PREFERS_STRING_CATALOGS = YES;
				MACOSX_DEPLOYMENT_TARGET = 14.0;
				MTL_ENABLE_DEBUG_INFO = INCLUDE_SOURCE;
				MTL_FAST_MATH = YES;
				ONLY_ACTIVE_ARCH = YES;
				SDKROOT = macosx;
				SWIFT_ACTIVE_COMPILATION_CONDITIONS = "DEBUG $(inherited)";
				SWIFT_OPTIMIZATION_LEVEL = "-Onone";
			};
			name = Debug;
		};
		DBBA8E9C2C2E418600EE0B24 /* Release */ = {
			isa = XCBuildConfiguration;
			buildSettings = {
				ALWAYS_SEARCH_USER_PATHS = NO;
				ASSETCATALOG_COMPILER_GENERATE_SWIFT_ASSET_SYMBOL_EXTENSIONS = YES;
				CLANG_ANALYZER_NONNULL = YES;
				CLANG_ANALYZER_NUMBER_OBJECT_CONVERSION = YES_AGGRESSIVE;
				CLANG_CXX_LANGUAGE_STANDARD = "gnu++20";
				CLANG_ENABLE_MODULES = YES;
				CLANG_ENABLE_OBJC_ARC = YES;
				CLANG_ENABLE_OBJC_WEAK = YES;
				CLANG_WARN_BLOCK_CAPTURE_AUTORELEASING = YES;
				CLANG_WARN_BOOL_CONVERSION = YES;
				CLANG_WARN_COMMA = YES;
				CLANG_WARN_CONSTANT_CONVERSION = YES;
				CLANG_WARN_DEPRECATED_OBJC_IMPLEMENTATIONS = YES;
				CLANG_WARN_DIRECT_OBJC_ISA_USAGE = YES_ERROR;
				CLANG_WARN_DOCUMENTATION_COMMENTS = YES;
				CLANG_WARN_EMPTY_BODY = YES;
				CLANG_WARN_ENUM_CONVERSION = YES;
				CLANG_WARN_INFINITE_RECURSION = YES;
				CLANG_WARN_INT_CONVERSION = YES;
				CLANG_WARN_NON_LITERAL_NULL_CONVERSION = YES;
				CLANG_WARN_OBJC_IMPLICIT_RETAIN_SELF = YES;
				CLANG_WARN_OBJC_LITERAL_CONVERSION = YES;
				CLANG_WARN_OBJC_ROOT_CLASS = YES_ERROR;
				CLANG_WARN_QUOTED_INCLUDE_IN_FRAMEWORK_HEADER = YES;
				CLANG_WARN_RANGE_LOOP_ANALYSIS = YES;
				CLANG_WARN_STRICT_PROTOTYPES = YES;
				CLANG_WARN_SUSPICIOUS_MOVE = YES;
				CLANG_WARN_UNGUARDED_AVAILABILITY = YES_AGGRESSIVE;
				CLANG_WARN_UNREACHABLE_CODE = YES;
				CLANG_WARN__DUPLICATE_METHOD_MATCH = YES;
				COPY_PHASE_STRIP = NO;
				DEBUG_INFORMATION_FORMAT = "dwarf-with-dsym";
				ENABLE_NS_ASSERTIONS = NO;
				ENABLE_STRICT_OBJC_MSGSEND = YES;
				ENABLE_USER_SCRIPT_SANDBOXING = YES;
				GCC_C_LANGUAGE_STANDARD = gnu17;
				GCC_NO_COMMON_BLOCKS = YES;
				GCC_WARN_64_TO_32_BIT_CONVERSION = YES;
				GCC_WARN_ABOUT_RETURN_TYPE = YES_ERROR;
				GCC_WARN_UNDECLARED_SELECTOR = YES;
				GCC_WARN_UNINITIALIZED_AUTOS = YES_AGGRESSIVE;
				GCC_WARN_UNUSED_FUNCTION = YES;
				GCC_WARN_UNUSED_VARIABLE = YES;
				LOCALIZATION_PREFERS_STRING_CATALOGS = YES;
				MACOSX_DEPLOYMENT_TARGET = 14.0;
				MTL_ENABLE_DEBUG_INFO = NO;
				MTL_FAST_MATH = YES;
				SDKROOT = macosx;
				SWIFT_COMPILATION_MODE = wholemodule;
			};
			name = Release;
		};
		DBBA8E9E2C2E418600EE0B24 /* Debug */ = {
			isa = XCBuildConfiguration;
			buildSettings = {
				ASSETCATALOG_COMPILER_APPICON_NAME = AppIcon;
				ASSETCATALOG_COMPILER_GLOBAL_ACCENT_COLOR_NAME = AccentColor;
				CODE_SIGN_ENTITLEMENTS = PasswordManager/PasswordManager.entitlements;
				CODE_SIGN_STYLE = Automatic;
				COMBINE_HIDPI_IMAGES = YES;
				CURRENT_PROJECT_VERSION = 1;
				DEVELOPMENT_ASSET_PATHS = "\"PasswordManager/Preview Content\"";
				DEVELOPMENT_TEAM = AQZYLV5UQV;
				ENABLE_HARDENED_RUNTIME = YES;
				ENABLE_PREVIEWS = YES;
				GENERATE_INFOPLIST_FILE = YES;
				INFOPLIST_KEY_NSHumanReadableCopyright = "";
				LD_RUNPATH_SEARCH_PATHS = (
					"$(inherited)",
					"@executable_path/../Frameworks",
				);
				MARKETING_VERSION = 1.0;
				PRODUCT_BUNDLE_IDENTIFIER = Com.ChristopherValle.PasswordManager;
				PRODUCT_NAME = "$(TARGET_NAME)";
				SUPPORTED_PLATFORMS = "iphoneos iphonesimulator macosx";
				SUPPORTS_MACCATALYST = NO;
				SWIFT_EMIT_LOC_STRINGS = YES;
				SWIFT_VERSION = 5.0;
				TARGETED_DEVICE_FAMILY = 1;
			};
			name = Debug;
		};
		DBBA8E9F2C2E418600EE0B24 /* Release */ = {
			isa = XCBuildConfiguration;
			buildSettings = {
				ASSETCATALOG_COMPILER_APPICON_NAME = AppIcon;
				ASSETCATALOG_COMPILER_GLOBAL_ACCENT_COLOR_NAME = AccentColor;
				CODE_SIGN_ENTITLEMENTS = PasswordManager/PasswordManager.entitlements;
				CODE_SIGN_STYLE = Automatic;
				COMBINE_HIDPI_IMAGES = YES;
				CURRENT_PROJECT_VERSION = 1;
				DEVELOPMENT_ASSET_PATHS = "\"PasswordManager/Preview Content\"";
				DEVELOPMENT_TEAM = AQZYLV5UQV;
				ENABLE_HARDENED_RUNTIME = YES;
				ENABLE_PREVIEWS = YES;
				GENERATE_INFOPLIST_FILE = YES;
				INFOPLIST_KEY_NSHumanReadableCopyright = "";
				LD_RUNPATH_SEARCH_PATHS = (
					"$(inherited)",
					"@executable_path/../Frameworks",
				);
				MARKETING_VERSION = 1.0;
				PRODUCT_BUNDLE_IDENTIFIER = Com.ChristopherValle.PasswordManager;
				PRODUCT_NAME = "$(TARGET_NAME)";
				SUPPORTED_PLATFORMS = "iphoneos iphonesimulator macosx";
				SUPPORTS_MACCATALYST = NO;
				SWIFT_EMIT_LOC_STRINGS = YES;
				SWIFT_VERSION = 5.0;
				TARGETED_DEVICE_FAMILY = 1;
			};
			name = Release;
		};
/* End XCBuildConfiguration section */

/* Begin XCConfigurationList section */
		DBBA8E892C2E418500EE0B24 /* Build configuration list for PBXProject "PasswordManager" */ = {
			isa = XCConfigurationList;
			buildConfigurations = (
				DBBA8E9B2C2E418600EE0B24 /* Debug */,
				DBBA8E9C2C2E418600EE0B24 /* Release */,
			);
			defaultConfigurationIsVisible = 0;
			defaultConfigurationName = Release;
		};
		DBBA8E9D2C2E418600EE0B24 /* Build configuration list for PBXNativeTarget "PasswordManager" */ = {
			isa = XCConfigurationList;
			buildConfigurations = (
				DBBA8E9E2C2E418600EE0B24 /* Debug */,
				DBBA8E9F2C2E418600EE0B24 /* Release */,
			);
			defaultConfigurationIsVisible = 0;
			defaultConfigurationName = Release;
		};
/* End XCConfigurationList section */

/* Begin XCRemoteSwiftPackageReference section */
		DBBA8EA52C2E446C00EE0B24 /* XCRemoteSwiftPackageReference "firebase-ios-sdk" */ = {
			isa = XCRemoteSwiftPackageReference;
			repositoryURL = "https://github.com/firebase/firebase-ios-sdk";
			requirement = {
				kind = upToNextMajorVersion;
				minimumVersion = 10.28.1;
			};
		};
/* End XCRemoteSwiftPackageReference section */

/* Begin XCSwiftPackageProductDependency section */
		DB4EB6AE2C2F0AB300230E6F /* FirebaseAuth */ = {
			isa = XCSwiftPackageProductDependency;
			package = DBBA8EA52C2E446C00EE0B24 /* XCRemoteSwiftPackageReference "firebase-ios-sdk" */;
			productName = FirebaseAuth;
		};
		DB4EB6B02C2F0AFD00230E6F /* FirebaseAnalytics */ = {
			isa = XCSwiftPackageProductDependency;
			package = DBBA8EA52C2E446C00EE0B24 /* XCRemoteSwiftPackageReference "firebase-ios-sdk" */;
			productName = FirebaseAnalytics;
		};
/* End XCSwiftPackageProductDependency section */
	};
	rootObject = DBBA8E862C2E418500EE0B24 /* Project object */;
}
